
Microsoft Visual Studio Solution File, Format Version 12.00
# Visual Studio Version 17
VisualStudioVersion = 17.1.32210.238
MinimumVisualStudioVersion = 10.0.40219.1
Project("{FAE04EC0-301F-11D3-BF4B-00C04F79EFBC}") = "MergeCommonElementsDistinct", "MergeCommonElementsDistinct\MergeCommonElementsDistinct.csproj", "{EA918BE9-1234-496F-87FB-E6E266150CD5}"
EndProject
Project("{FAE04EC0-301F-11D3-BF4B-00C04F79EFBC}") = "CodeTestInterview", "CodeTestInterview\CodeTestInterview.csproj", "{78654A55-0E7C-4411-B65E-1725EE15D0C2}"
EndProject
Global
	GlobalSection(SolutionConfigurationPlatforms) = preSolution
		Debug|Any CPU = Debug|Any CPU
		Release|Any CPU = Release|Any CPU
	EndGlobalSection
	GlobalSection(ProjectConfigurationPlatforms) = postSolution
		{EA918BE9-1234-496F-87FB-E6E266150CD5}.Debug|Any CPU.ActiveCfg = Debug|Any CPU
		{EA918BE9-1234-496F-87FB-E6E266150CD5}.Debug|Any CPU.Build.0 = Debug|Any CPU
		{EA918BE9-1234-496F-87FB-E6E266150CD5}.Release|Any CPU.ActiveCfg = Release|Any CPU
		{EA918BE9-1234-496F-87FB-E6E266150CD5}.Release|Any CPU.Build.0 = Release|Any CPU
		{78654A55-0E7C-4411-B65E-1725EE15D0C2}.Debug|Any CPU.ActiveCfg = Debug|Any CPU
		{78654A55-0E7C-4411-B65E-1725EE15D0C2}.Debug|Any CPU.Build.0 = Debug|Any CPU
		{78654A55-0E7C-4411-B65E-1725EE15D0C2}.Release|Any CPU.ActiveCfg = Release|Any CPU
		{78654A55-0E7C-4411-B65E-1725EE15D0C2}.Release|Any CPU.Build.0 = Release|Any CPU
	EndGlobalSection
	GlobalSection(SolutionProperties) = preSolution
		HideSolutionNode = FALSE
	EndGlobalSection
	GlobalSection(ExtensibilityGlobals) = postSolution
		SolutionGuid = {4688FEE6-135E-430F-A9B8-90B2E5337613}
	EndGlobalSection
EndGlobal
